
Microsoft Visual Studio Solution File, Format Version 12.00
# Visual Studio Version 17
VisualStudioVersion = 17.11.35312.102
MinimumVisualStudioVersion = 10.0.40219.1
Project("{FAE04EC0-301F-11D3-BF4B-00C04F79EFBC}") = "U22497430_HW03", "U22497430_HW03.csproj", "{5ADC0F45-A16E-4E74-8407-E486C9A72B05}"
EndProject
Global
	GlobalSection(SolutionConfigurationPlatforms) = preSolution
		Debug|Any CPU = Debug|Any CPU
		Release|Any CPU = Release|Any CPU
	EndGlobalSection
	GlobalSection(ProjectConfigurationPlatforms) = postSolution
		{5ADC0F45-A16E-4E74-8407-E486C9A72B05}.Debug|Any CPU.ActiveCfg = Debug|Any CPU
		{5ADC0F45-A16E-4E74-8407-E486C9A72B05}.Debug|Any CPU.Build.0 = Debug|Any CPU
		{5ADC0F45-A16E-4E74-8407-E486C9A72B05}.Release|Any CPU.ActiveCfg = Release|Any CPU
		{5ADC0F45-A16E-4E74-8407-E486C9A72B05}.Release|Any CPU.Build.0 = Release|Any CPU
	EndGlobalSection
	GlobalSection(SolutionProperties) = preSolution
		HideSolutionNode = FALSE
	EndGlobalSection
	GlobalSection(ExtensibilityGlobals) = postSolution
		SolutionGuid = {5E44624E-AA5F-4942-B404-CDBDE28B11B3}
	EndGlobalSection
EndGlobal
